// !$*UTF8*$!
{
	archiveVersion = 1;
	classes = {
	};
	objectVersion = 50;
	objects = {

/* Begin PBXBuildFile section */
		3278053922588A7C002EBE58 /* GoalType.swift in Sources */ = {isa = PBXBuildFile; fileRef = 3278053822588A7C002EBE58 /* GoalType.swift */; };
		328582952259AE92006273C7 /* FinishGoal.swift in Sources */ = {isa = PBXBuildFile; fileRef = 328582942259AE92006273C7 /* FinishGoal.swift */; };
		3289C97B2257962700CA53B2 /* AppDelegate.swift in Sources */ = {isa = PBXBuildFile; fileRef = 3289C97A2257962700CA53B2 /* AppDelegate.swift */; };
		3289C97D2257962700CA53B2 /* GoalPost.swift in Sources */ = {isa = PBXBuildFile; fileRef = 3289C97C2257962700CA53B2 /* GoalPost.swift */; };
		3289C9802257962700CA53B2 /* Main.storyboard in Resources */ = {isa = PBXBuildFile; fileRef = 3289C97E2257962700CA53B2 /* Main.storyboard */; };
		3289C9832257962700CA53B2 /* GoalPost.xcdatamodeld in Sources */ = {isa = PBXBuildFile; fileRef = 3289C9812257962700CA53B2 /* GoalPost.xcdatamodeld */; };
		3289C9852257964000CA53B2 /* Assets.xcassets in Resources */ = {isa = PBXBuildFile; fileRef = 3289C9842257964000CA53B2 /* Assets.xcassets */; };
		3289C9882257964000CA53B2 /* LaunchScreen.storyboard in Resources */ = {isa = PBXBuildFile; fileRef = 3289C9862257964000CA53B2 /* LaunchScreen.storyboard */; };
		3289C99222579EB500CA53B2 /* GoalCell.swift in Sources */ = {isa = PBXBuildFile; fileRef = 3289C99122579EB500CA53B2 /* GoalCell.swift */; };
		3289C9942257A4A400CA53B2 /* AddGoalVC.swift in Sources */ = {isa = PBXBuildFile; fileRef = 3289C9932257A4A400CA53B2 /* AddGoalVC.swift */; };
/* End PBXBuildFile section */

/* Begin PBXFileReference section */
		3278053822588A7C002EBE58 /* GoalType.swift */ = {isa = PBXFileReference; lastKnownFileType = sourcecode.swift; path = GoalType.swift; sourceTree = "<group>"; };
		328582942259AE92006273C7 /* FinishGoal.swift */ = {isa = PBXFileReference; lastKnownFileType = sourcecode.swift; path = FinishGoal.swift; sourceTree = "<group>"; };
		3289C9772257962700CA53B2 /* GoalPost.app */ = {isa = PBXFileReference; explicitFileType = wrapper.application; includeInIndex = 0; path = GoalPost.app; sourceTree = BUILT_PRODUCTS_DIR; };
		3289C97A2257962700CA53B2 /* AppDelegate.swift */ = {isa = PBXFileReference; lastKnownFileType = sourcecode.swift; path = AppDelegate.swift; sourceTree = "<group>"; };
		3289C97C2257962700CA53B2 /* GoalPost.swift */ = {isa = PBXFileReference; lastKnownFileType = sourcecode.swift; path = GoalPost.swift; sourceTree = "<group>"; };
		3289C97F2257962700CA53B2 /* Base */ = {isa = PBXFileReference; lastKnownFileType = file.storyboard; name = Base; path = Base.lproj/Main.storyboard; sourceTree = "<group>"; };
		3289C9822257962700CA53B2 /* GoalPost.xcdatamodel */ = {isa = PBXFileReference; lastKnownFileType = wrapper.xcdatamodel; path = GoalPost.xcdatamodel; sourceTree = "<group>"; };
		3289C9842257964000CA53B2 /* Assets.xcassets */ = {isa = PBXFileReference; lastKnownFileType = folder.assetcatalog; path = Assets.xcassets; sourceTree = "<group>"; };
		3289C9872257964000CA53B2 /* Base */ = {isa = PBXFileReference; lastKnownFileType = file.storyboard; name = Base; path = Base.lproj/LaunchScreen.storyboard; sourceTree = "<group>"; };
		3289C9892257964000CA53B2 /* Info.plist */ = {isa = PBXFileReference; lastKnownFileType = text.plist.xml; path = Info.plist; sourceTree = "<group>"; };
		3289C99122579EB500CA53B2 /* GoalCell.swift */ = {isa = PBXFileReference; lastKnownFileType = sourcecode.swift; path = GoalCell.swift; sourceTree = "<group>"; };
		3289C9932257A4A400CA53B2 /* AddGoalVC.swift */ = {isa = PBXFileReference; lastKnownFileType = sourcecode.swift; path = AddGoalVC.swift; sourceTree = "<group>"; };
/* End PBXFileReference section */

/* Begin PBXFrameworksBuildPhase section */
		3289C9742257962700CA53B2 /* Frameworks */ = {
			isa = PBXFrameworksBuildPhase;
			buildActionMask = 2147483647;
			files = (
			);
			runOnlyForDeploymentPostprocessing = 0;
		};
/* End PBXFrameworksBuildPhase section */

/* Begin PBXGroup section */
		3278053722588A6A002EBE58 /* Enum */ = {
			isa = PBXGroup;
			children = (
				3278053822588A7C002EBE58 /* GoalType.swift */,
			);
			path = Enum;
			sourceTree = "<group>";
		};
		3289C96E2257962700CA53B2 = {
			isa = PBXGroup;
			children = (
				3289C9792257962700CA53B2 /* GoalPost */,
				3289C9782257962700CA53B2 /* Products */,
			);
			sourceTree = "<group>";
		};
		3289C9782257962700CA53B2 /* Products */ = {
			isa = PBXGroup;
			children = (
				3289C9772257962700CA53B2 /* GoalPost.app */,
			);
			name = Products;
			sourceTree = "<group>";
		};
		3289C9792257962700CA53B2 /* GoalPost */ = {
			isa = PBXGroup;
			children = (
				3278053722588A6A002EBE58 /* Enum */,
				3289C99022579E9900CA53B2 /* Controllers */,
				3289C98F22579E9000CA53B2 /* Views */,
				3289C97A2257962700CA53B2 /* AppDelegate.swift */,
				3289C97E2257962700CA53B2 /* Main.storyboard */,
				3289C9842257964000CA53B2 /* Assets.xcassets */,
				3289C9862257964000CA53B2 /* LaunchScreen.storyboard */,
				3289C9892257964000CA53B2 /* Info.plist */,
				3289C9812257962700CA53B2 /* GoalPost.xcdatamodeld */,
			);
			path = GoalPost;
			sourceTree = "<group>";
		};
		3289C98F22579E9000CA53B2 /* Views */ = {
			isa = PBXGroup;
			children = (
				3289C99122579EB500CA53B2 /* GoalCell.swift */,
			);
			path = Views;
			sourceTree = "<group>";
		};
		3289C99022579E9900CA53B2 /* Controllers */ = {
			isa = PBXGroup;
			children = (
				3289C97C2257962700CA53B2 /* GoalPost.swift */,
				3289C9932257A4A400CA53B2 /* AddGoalVC.swift */,
				328582942259AE92006273C7 /* FinishGoal.swift */,
			);
			path = Controllers;
			sourceTree = "<group>";
		};
/* End PBXGroup section */

/* Begin PBXNativeTarget section */
		3289C9762257962700CA53B2 /* GoalPost */ = {
			isa = PBXNativeTarget;
			buildConfigurationList = 3289C98C2257964000CA53B2 /* Build configuration list for PBXNativeTarget "GoalPost" */;
			buildPhases = (
				3289C9732257962700CA53B2 /* Sources */,
				3289C9742257962700CA53B2 /* Frameworks */,
				3289C9752257962700CA53B2 /* Resources */,
			);
			buildRules = (
			);
			dependencies = (
			);
			name = GoalPost;
			productName = GoalPost;
			productReference = 3289C9772257962700CA53B2 /* GoalPost.app */;
			productType = "com.apple.product-type.application";
		};
/* End PBXNativeTarget section */

/* Begin PBXProject section */
		3289C96F2257962700CA53B2 /* Project object */ = {
			isa = PBXProject;
			attributes = {
				LastSwiftUpdateCheck = 1000;
				LastUpgradeCheck = 1000;
				ORGANIZATIONNAME = "Ravi Inder Manshahia";
				TargetAttributes = {
					3289C9762257962700CA53B2 = {
						CreatedOnToolsVersion = 10.0;
					};
				};
			};
			buildConfigurationList = 3289C9722257962700CA53B2 /* Build configuration list for PBXProject "GoalPost" */;
			compatibilityVersion = "Xcode 9.3";
			developmentRegion = en;
			hasScannedForEncodings = 0;
			knownRegions = (
				en,
				Base,
			);
			mainGroup = 3289C96E2257962700CA53B2;
			productRefGroup = 3289C9782257962700CA53B2 /* Products */;
			projectDirPath = "";
			projectRoot = "";
			targets = (
				3289C9762257962700CA53B2 /* GoalPost */,
			);
		};
/* End PBXProject section */

/* Begin PBXResourcesBuildPhase section */
		3289C9752257962700CA53B2 /* Resources */ = {
			isa = PBXResourcesBuildPhase;
			buildActionMask = 2147483647;
			files = (
				3289C9882257964000CA53B2 /* LaunchScreen.storyboard in Resources */,
				3289C9852257964000CA53B2 /* Assets.xcassets in Resources */,
				3289C9802257962700CA53B2 /* Main.storyboard in Resources */,
			);
			runOnlyForDeploymentPostprocessing = 0;
		};
/* End PBXResourcesBuildPhase section */

/* Begin PBXSourcesBuildPhase section */
		3289C9732257962700CA53B2 /* Sources */ = {
			isa = PBXSourcesBuildPhase;
			buildActionMask = 2147483647;
			files = (
				3289C9942257A4A400CA53B2 /* AddGoalVC.swift in Sources */,
				3289C99222579EB500CA53B2 /* GoalCell.swift in Sources */,
				3278053922588A7C002EBE58 /* GoalType.swift in Sources */,
				3289C97D2257962700CA53B2 /* GoalPost.swift in Sources */,
				3289C97B2257962700CA53B2 /* AppDelegate.swift in Sources */,
				328582952259AE92006273C7 /* FinishGoal.swift in Sources */,
				3289C9832257962700CA53B2 /* GoalPost.xcdatamodeld in Sources */,
			);
			runOnlyForDeploymentPostprocessing = 0;
		};
/* End PBXSourcesBuildPhase section */

/* Begin PBXVariantGroup section */
		3289C97E2257962700CA53B2 /* Main.storyboard */ = {
			isa = PBXVariantGroup;
			children = (
				3289C97F2257962700CA53B2 /* Base */,
			);
			name = Main.storyboard;
			sourceTree = "<group>";
		};
		3289C9862257964000CA53B2 /* LaunchScreen.storyboard */ = {
			isa = PBXVariantGroup;
			children = (
				3289C9872257964000CA53B2 /* Base */,
			);
			name = LaunchScreen.storyboard;
			sourceTree = "<group>";
		};
/* End PBXVariantGroup section */

/* Begin XCBuildConfiguration section */
		3289C98A2257964000CA53B2 /* Debug */ = {
			isa = XCBuildConfiguration;
			buildSettings = {
				ALWAYS_SEARCH_USER_PATHS = NO;
				CLANG_ANALYZER_NONNULL = YES;
				CLANG_ANALYZER_NUMBER_OBJECT_CONVERSION = YES_AGGRESSIVE;
				CLANG_CXX_LANGUAGE_STANDARD = "gnu++14";
				CLANG_CXX_LIBRARY = "libc++";
				CLANG_ENABLE_MODULES = YES;
				CLANG_ENABLE_OBJC_ARC = YES;
				CLANG_ENABLE_OBJC_WEAK = YES;
				CLANG_WARN_BLOCK_CAPTURE_AUTORELEASING = YES;
				CLANG_WARN_BOOL_CONVERSION = YES;
				CLANG_WARN_COMMA = YES;
				CLANG_WARN_CONSTANT_CONVERSION = YES;
				CLANG_WARN_DEPRECATED_OBJC_IMPLEMENTATIONS = YES;
				CLANG_WARN_DIRECT_OBJC_ISA_USAGE = YES_ERROR;
				CLANG_WARN_DOCUMENTATION_COMMENTS = YES;
				CLANG_WARN_EMPTY_BODY = YES;
				CLANG_WARN_ENUM_CONVERSION = YES;
				CLANG_WARN_INFINITE_RECURSION = YES;
				CLANG_WARN_INT_CONVERSION = YES;
				CLANG_WARN_NON_LITERAL_NULL_CONVERSION = YES;
				CLANG_WARN_OBJC_IMPLICIT_RETAIN_SELF = YES;
				CLANG_WARN_OBJC_LITERAL_CONVERSION = YES;
				CLANG_WARN_OBJC_ROOT_CLASS = YES_ERROR;
				CLANG_WARN_RANGE_LOOP_ANALYSIS = YES;
				CLANG_WARN_STRICT_PROTOTYPES = YES;
				CLANG_WARN_SUSPICIOUS_MOVE = YES;
				CLANG_WARN_UNGUARDED_AVAILABILITY = YES_AGGRESSIVE;
				CLANG_WARN_UNREACHABLE_CODE = YES;
				CLANG_WARN__DUPLICATE_METHOD_MATCH = YES;
				CODE_SIGN_IDENTITY = "iPhone Developer";
				COPY_PHASE_STRIP = NO;
				DEBUG_INFORMATION_FORMAT = dwarf;
				ENABLE_STRICT_OBJC_MSGSEND = YES;
				ENABLE_TESTABILITY = YES;
				GCC_C_LANGUAGE_STANDARD = gnu11;
				GCC_DYNAMIC_NO_PIC = NO;
				GCC_NO_COMMON_BLOCKS = YES;
				GCC_OPTIMIZATION_LEVEL = 0;
				GCC_PREPROCESSOR_DEFINITIONS = (
					"DEBUG=1",
					"$(inherited)",
				);
				GCC_WARN_64_TO_32_BIT_CONVERSION = YES;
				GCC_WARN_ABOUT_RETURN_TYPE = YES_ERROR;
				GCC_WARN_UNDECLARED_SELECTOR = YES;
				GCC_WARN_UNINITIALIZED_AUTOS = YES_AGGRESSIVE;
				GCC_WARN_UNUSED_FUNCTION = YES;
				GCC_WARN_UNUSED_VARIABLE = YES;
				IPHONEOS_DEPLOYMENT_TARGET = 12.0;
				MTL_ENABLE_DEBUG_INFO = INCLUDE_SOURCE;
				MTL_FAST_MATH = YES;
				ONLY_ACTIVE_ARCH = YES;
				SDKROOT = iphoneos;
				SWIFT_ACTIVE_COMPILATION_CONDITIONS = DEBUG;
				SWIFT_OPTIMIZATION_LEVEL = "-Onone";
			};
			name = Debug;
		};
		3289C98B2257964000CA53B2 /* Release */ = {
			isa = XCBuildConfiguration;
			buildSettings = {
				ALWAYS_SEARCH_USER_PATHS = NO;
				CLANG_ANALYZER_NONNULL = YES;
				CLANG_ANALYZER_NUMBER_OBJECT_CONVERSION = YES_AGGRESSIVE;
				CLANG_CXX_LANGUAGE_STANDARD = "gnu++14";
				CLANG_CXX_LIBRARY = "libc++";
				CLANG_ENABLE_MODULES = YES;
				CLANG_ENABLE_OBJC_ARC = YES;
				CLANG_ENABLE_OBJC_WEAK = YES;
				CLANG_WARN_BLOCK_CAPTURE_AUTORELEASING = YES;
				CLANG_WARN_BOOL_CONVERSION = YES;
				CLANG_WARN_COMMA = YES;
				CLANG_WARN_CONSTANT_CONVERSION = YES;
				CLANG_WARN_DEPRECATED_OBJC_IMPLEMENTATIONS = YES;
				CLANG_WARN_DIRECT_OBJC_ISA_USAGE = YES_ERROR;
				CLANG_WARN_DOCUMENTATION_COMMENTS = YES;
				CLANG_WARN_EMPTY_BODY = YES;
				CLANG_WARN_ENUM_CONVERSION = YES;
				CLANG_WARN_INFINITE_RECURSION = YES;
				CLANG_WARN_INT_CONVERSION = YES;
				CLANG_WARN_NON_LITERAL_NULL_CONVERSION = YES;
				CLANG_WARN_OBJC_IMPLICIT_RETAIN_SELF = YES;
				CLANG_WARN_OBJC_LITERAL_CONVERSION = YES;
				CLANG_WARN_OBJC_ROOT_CLASS = YES_ERROR;
				CLANG_WARN_RANGE_LOOP_ANALYSIS = YES;
				CLANG_WARN_STRICT_PROTOTYPES = YES;
				CLANG_WARN_SUSPICIOUS_MOVE = YES;
				CLANG_WARN_UNGUARDED_AVAILABILITY = YES_AGGRESSIVE;
				CLANG_WARN_UNREACHABLE_CODE = YES;
				CLANG_WARN__DUPLICATE_METHOD_MATCH = YES;
				CODE_SIGN_IDENTITY = "iPhone Developer";
				COPY_PHASE_STRIP = NO;
				DEBUG_INFORMATION_FORMAT = "dwarf-with-dsym";
				ENABLE_NS_ASSERTIONS = NO;
				ENABLE_STRICT_OBJC_MSGSEND = YES;
				GCC_C_LANGUAGE_STANDARD = gnu11;
				GCC_NO_COMMON_BLOCKS = YES;
				GCC_WARN_64_TO_32_BIT_CONVERSION = YES;
				GCC_WARN_ABOUT_RETURN_TYPE = YES_ERROR;
				GCC_WARN_UNDECLARED_SELECTOR = YES;
				GCC_WARN_UNINITIALIZED_AUTOS = YES_AGGRESSIVE;
				GCC_WARN_UNUSED_FUNCTION = YES;
				GCC_WARN_UNUSED_VARIABLE = YES;
				IPHONEOS_DEPLOYMENT_TARGET = 12.0;
				MTL_ENABLE_DEBUG_INFO = NO;
				MTL_FAST_MATH = YES;
				SDKROOT = iphoneos;
				SWIFT_COMPILATION_MODE = wholemodule;
				SWIFT_OPTIMIZATION_LEVEL = "-O";
				VALIDATE_PRODUCT = YES;
			};
			name = Release;
		};
		3289C98D2257964000CA53B2 /* Debug */ = {
			isa = XCBuildConfiguration;
			buildSettings = {
				ASSETCATALOG_COMPILER_APPICON_NAME = AppIcon;
				CODE_SIGN_STYLE = Automatic;
				INFOPLIST_FILE = GoalPost/Info.plist;
				LD_RUNPATH_SEARCH_PATHS = (
					"$(inherited)",
					"@executable_path/Frameworks",
				);
				PRODUCT_BUNDLE_IDENTIFIER = com.con.GoalPost;
				PRODUCT_NAME = "$(TARGET_NAME)";
				SWIFT_VERSION = 4.2;
				TARGETED_DEVICE_FAMILY = "1,2";
			};
			name = Debug;
		};
		3289C98E2257964000CA53B2 /* Release */ = {
			isa = XCBuildConfiguration;
			buildSettings = {
				ASSETCATALOG_COMPILER_APPICON_NAME = AppIcon;
				CODE_SIGN_STYLE = Automatic;
				INFOPLIST_FILE = GoalPost/Info.plist;
				LD_RUNPATH_SEARCH_PATHS = (
					"$(inherited)",
					"@executable_path/Frameworks",
				);
				PRODUCT_BUNDLE_IDENTIFIER = com.con.GoalPost;
				PRODUCT_NAME = "$(TARGET_NAME)";
				SWIFT_VERSION = 4.2;
				TARGETED_DEVICE_FAMILY = "1,2";
			};
			name = Release;
		};
/* End XCBuildConfiguration section */

/* Begin XCConfigurationList section */
		3289C9722257962700CA53B2 /* Build configuration list for PBXProject "GoalPost" */ = {
			isa = XCConfigurationList;
			buildConfigurations = (
				3289C98A2257964000CA53B2 /* Debug */,
				3289C98B2257964000CA53B2 /* Release */,
			);
			defaultConfigurationIsVisible = 0;
			defaultConfigurationName = Release;
		};
		3289C98C2257964000CA53B2 /* Build configuration list for PBXNativeTarget "GoalPost" */ = {
			isa = XCConfigurationList;
			buildConfigurations = (
				3289C98D2257964000CA53B2 /* Debug */,
				3289C98E2257964000CA53B2 /* Release */,
			);
			defaultConfigurationIsVisible = 0;
			defaultConfigurationName = Release;
		};
/* End XCConfigurationList section */

/* Begin XCVersionGroup section */
		3289C9812257962700CA53B2 /* GoalPost.xcdatamodeld */ = {
			isa = XCVersionGroup;
			children = (
				3289C9822257962700CA53B2 /* GoalPost.xcdatamodel */,
			);
			currentVersion = 3289C9822257962700CA53B2 /* GoalPost.xcdatamodel */;
			path = GoalPost.xcdatamodeld;
			sourceTree = "<group>";
			versionGroupType = wrapper.xcdatamodel;
		};
/* End XCVersionGroup section */
	};
	rootObject = 3289C96F2257962700CA53B2 /* Project object */;
}
